// !$*UTF8*$!
{
	archiveVersion = 1;
	classes = {
	};
	objectVersion = 56;
	objects = {

/* Begin PBXBuildFile section */
		8B27049729C56A8200E980C1 /* ProductViewModel.swift in Sources */ = {isa = PBXBuildFile; fileRef = 8B27049629C56A8200E980C1 /* ProductViewModel.swift */; };
		8B3C713929C550C90042C64D /* AppDelegate.swift in Sources */ = {isa = PBXBuildFile; fileRef = 8B3C713829C550C90042C64D /* AppDelegate.swift */; };
		8B3C713B29C550C90042C64D /* SceneDelegate.swift in Sources */ = {isa = PBXBuildFile; fileRef = 8B3C713A29C550C90042C64D /* SceneDelegate.swift */; };
		8B3C713D29C550C90042C64D /* ViewController.swift in Sources */ = {isa = PBXBuildFile; fileRef = 8B3C713C29C550C90042C64D /* ViewController.swift */; };
		8B3C714029C550C90042C64D /* Main.storyboard in Resources */ = {isa = PBXBuildFile; fileRef = 8B3C713E29C550C90042C64D /* Main.storyboard */; };
		8B3C714329C550C90042C64D /* iOS_Developer_Test_DianaFL_PT_EZV_Services_Indonesia.xcdatamodeld in Sources */ = {isa = PBXBuildFile; fileRef = 8B3C714129C550C90042C64D /* iOS_Developer_Test_DianaFL_PT_EZV_Services_Indonesia.xcdatamodeld */; };
		8B3C714529C550CB0042C64D /* Assets.xcassets in Resources */ = {isa = PBXBuildFile; fileRef = 8B3C714429C550CB0042C64D /* Assets.xcassets */; };
		8B3C714829C550CB0042C64D /* LaunchScreen.storyboard in Resources */ = {isa = PBXBuildFile; fileRef = 8B3C714629C550CB0042C64D /* LaunchScreen.storyboard */; };
		8B3C715429C554390042C64D /* ListProductTableCell.swift in Sources */ = {isa = PBXBuildFile; fileRef = 8B3C715229C554390042C64D /* ListProductTableCell.swift */; };
		8B3C715529C554390042C64D /* ListProductTableCell.xib in Resources */ = {isa = PBXBuildFile; fileRef = 8B3C715329C554390042C64D /* ListProductTableCell.xib */; };
		8B3C715829C55E8E0042C64D /* Product.swift in Sources */ = {isa = PBXBuildFile; fileRef = 8B3C715729C55E8E0042C64D /* Product.swift */; };
		8B3C715B29C55F650042C64D /* NetworkAPIService.swift in Sources */ = {isa = PBXBuildFile; fileRef = 8B3C715A29C55F650042C64D /* NetworkAPIService.swift */; };
/* End PBXBuildFile section */

/* Begin PBXFileReference section */
		8B27049629C56A8200E980C1 /* ProductViewModel.swift */ = {isa = PBXFileReference; lastKnownFileType = sourcecode.swift; path = ProductViewModel.swift; sourceTree = "<group>"; };
		8B3C713529C550C90042C64D /* iOS-Developer-Test-DianaFL-PT-EZV-Services-Indonesia.app */ = {isa = PBXFileReference; explicitFileType = wrapper.application; includeInIndex = 0; path = "iOS-Developer-Test-DianaFL-PT-EZV-Services-Indonesia.app"; sourceTree = BUILT_PRODUCTS_DIR; };
		8B3C713829C550C90042C64D /* AppDelegate.swift */ = {isa = PBXFileReference; lastKnownFileType = sourcecode.swift; path = AppDelegate.swift; sourceTree = "<group>"; };
		8B3C713A29C550C90042C64D /* SceneDelegate.swift */ = {isa = PBXFileReference; lastKnownFileType = sourcecode.swift; path = SceneDelegate.swift; sourceTree = "<group>"; };
		8B3C713C29C550C90042C64D /* ViewController.swift */ = {isa = PBXFileReference; lastKnownFileType = sourcecode.swift; path = ViewController.swift; sourceTree = "<group>"; };
		8B3C713F29C550C90042C64D /* Base */ = {isa = PBXFileReference; lastKnownFileType = file.storyboard; name = Base; path = Base.lproj/Main.storyboard; sourceTree = "<group>"; };
		8B3C714229C550C90042C64D /* iOS_Developer_Test_DianaFL_PT_EZV_Services_Indonesia.xcdatamodel */ = {isa = PBXFileReference; lastKnownFileType = wrapper.xcdatamodel; path = iOS_Developer_Test_DianaFL_PT_EZV_Services_Indonesia.xcdatamodel; sourceTree = "<group>"; };
		8B3C714429C550CB0042C64D /* Assets.xcassets */ = {isa = PBXFileReference; lastKnownFileType = folder.assetcatalog; path = Assets.xcassets; sourceTree = "<group>"; };
		8B3C714729C550CB0042C64D /* Base */ = {isa = PBXFileReference; lastKnownFileType = file.storyboard; name = Base; path = Base.lproj/LaunchScreen.storyboard; sourceTree = "<group>"; };
		8B3C714929C550CB0042C64D /* Info.plist */ = {isa = PBXFileReference; lastKnownFileType = text.plist.xml; path = Info.plist; sourceTree = "<group>"; };
		8B3C715229C554390042C64D /* ListProductTableCell.swift */ = {isa = PBXFileReference; lastKnownFileType = sourcecode.swift; path = ListProductTableCell.swift; sourceTree = "<group>"; };
		8B3C715329C554390042C64D /* ListProductTableCell.xib */ = {isa = PBXFileReference; lastKnownFileType = file.xib; path = ListProductTableCell.xib; sourceTree = "<group>"; };
		8B3C715729C55E8E0042C64D /* Product.swift */ = {isa = PBXFileReference; lastKnownFileType = sourcecode.swift; path = Product.swift; sourceTree = "<group>"; };
		8B3C715A29C55F650042C64D /* NetworkAPIService.swift */ = {isa = PBXFileReference; lastKnownFileType = sourcecode.swift; path = NetworkAPIService.swift; sourceTree = "<group>"; };
/* End PBXFileReference section */

/* Begin PBXFrameworksBuildPhase section */
		8B3C713229C550C90042C64D /* Frameworks */ = {
			isa = PBXFrameworksBuildPhase;
			buildActionMask = 2147483647;
			files = (
			);
			runOnlyForDeploymentPostprocessing = 0;
		};
/* End PBXFrameworksBuildPhase section */

/* Begin PBXGroup section */
		8B27049529C5699600E980C1 /* ViewModel */ = {
			isa = PBXGroup;
			children = (
				8B27049629C56A8200E980C1 /* ProductViewModel.swift */,
			);
			path = ViewModel;
			sourceTree = "<group>";
		};
		8B3C712C29C550C90042C64D = {
			isa = PBXGroup;
			children = (
				8B3C713729C550C90042C64D /* iOS-Developer-Test-DianaFL-PT-EZV-Services-Indonesia */,
				8B3C713629C550C90042C64D /* Products */,
			);
			sourceTree = "<group>";
		};
		8B3C713629C550C90042C64D /* Products */ = {
			isa = PBXGroup;
			children = (
				8B3C713529C550C90042C64D /* iOS-Developer-Test-DianaFL-PT-EZV-Services-Indonesia.app */,
			);
			name = Products;
			sourceTree = "<group>";
		};
		8B3C713729C550C90042C64D /* iOS-Developer-Test-DianaFL-PT-EZV-Services-Indonesia */ = {
			isa = PBXGroup;
			children = (
				8B27049529C5699600E980C1 /* ViewModel */,
				8B3C715929C55F4C0042C64D /* NetworkingService */,
				8B3C715629C55E7B0042C64D /* Model */,
				8B3C715029C553EC0042C64D /* View */,
				8B3C714F29C553D00042C64D /* Controller */,
				8B3C713829C550C90042C64D /* AppDelegate.swift */,
				8B3C713A29C550C90042C64D /* SceneDelegate.swift */,
				8B3C714429C550CB0042C64D /* Assets.xcassets */,
				8B3C714929C550CB0042C64D /* Info.plist */,
				8B3C714129C550C90042C64D /* iOS_Developer_Test_DianaFL_PT_EZV_Services_Indonesia.xcdatamodeld */,
			);
			path = "iOS-Developer-Test-DianaFL-PT-EZV-Services-Indonesia";
			sourceTree = "<group>";
		};
		8B3C714F29C553D00042C64D /* Controller */ = {
			isa = PBXGroup;
			children = (
				8B3C713C29C550C90042C64D /* ViewController.swift */,
			);
			path = Controller;
			sourceTree = "<group>";
		};
		8B3C715029C553EC0042C64D /* View */ = {
			isa = PBXGroup;
			children = (
				8B3C715129C554170042C64D /* Cell */,
				8B3C713E29C550C90042C64D /* Main.storyboard */,
				8B3C714629C550CB0042C64D /* LaunchScreen.storyboard */,
			);
			path = View;
			sourceTree = "<group>";
		};
		8B3C715129C554170042C64D /* Cell */ = {
			isa = PBXGroup;
			children = (
				8B3C715229C554390042C64D /* ListProductTableCell.swift */,
				8B3C715329C554390042C64D /* ListProductTableCell.xib */,
			);
			path = Cell;
			sourceTree = "<group>";
		};
		8B3C715629C55E7B0042C64D /* Model */ = {
			isa = PBXGroup;
			children = (
				8B3C715729C55E8E0042C64D /* Product.swift */,
			);
			path = Model;
			sourceTree = "<group>";
		};
		8B3C715929C55F4C0042C64D /* NetworkingService */ = {
			isa = PBXGroup;
			children = (
				8B3C715A29C55F650042C64D /* NetworkAPIService.swift */,
			);
			path = NetworkingService;
			sourceTree = "<group>";
		};
/* End PBXGroup section */

/* Begin PBXNativeTarget section */
		8B3C713429C550C90042C64D /* iOS-Developer-Test-DianaFL-PT-EZV-Services-Indonesia */ = {
			isa = PBXNativeTarget;
			buildConfigurationList = 8B3C714C29C550CB0042C64D /* Build configuration list for PBXNativeTarget "iOS-Developer-Test-DianaFL-PT-EZV-Services-Indonesia" */;
			buildPhases = (
				8B3C713129C550C90042C64D /* Sources */,
				8B3C713229C550C90042C64D /* Frameworks */,
				8B3C713329C550C90042C64D /* Resources */,
			);
			buildRules = (
			);
			dependencies = (
			);
			name = "iOS-Developer-Test-DianaFL-PT-EZV-Services-Indonesia";
			productName = "iOS-Developer-Test-DianaFL-PT-EZV-Services-Indonesia";
			productReference = 8B3C713529C550C90042C64D /* iOS-Developer-Test-DianaFL-PT-EZV-Services-Indonesia.app */;
			productType = "com.apple.product-type.application";
		};
/* End PBXNativeTarget section */

/* Begin PBXProject section */
		8B3C712D29C550C90042C64D /* Project object */ = {
			isa = PBXProject;
			attributes = {
				BuildIndependentTargetsInParallel = 1;
				LastSwiftUpdateCheck = 1420;
				LastUpgradeCheck = 1420;
				TargetAttributes = {
					8B3C713429C550C90042C64D = {
						CreatedOnToolsVersion = 14.2;
					};
				};
			};
			buildConfigurationList = 8B3C713029C550C90042C64D /* Build configuration list for PBXProject "iOS-Developer-Test-DianaFL-PT-EZV-Services-Indonesia" */;
			compatibilityVersion = "Xcode 14.0";
			developmentRegion = en;
			hasScannedForEncodings = 0;
			knownRegions = (
				en,
				Base,
			);
			mainGroup = 8B3C712C29C550C90042C64D;
			productRefGroup = 8B3C713629C550C90042C64D /* Products */;
			projectDirPath = "";
			projectRoot = "";
			targets = (
				8B3C713429C550C90042C64D /* iOS-Developer-Test-DianaFL-PT-EZV-Services-Indonesia */,
			);
		};
/* End PBXProject section */

/* Begin PBXResourcesBuildPhase section */
		8B3C713329C550C90042C64D /* Resources */ = {
			isa = PBXResourcesBuildPhase;
			buildActionMask = 2147483647;
			files = (
				8B3C714829C550CB0042C64D /* LaunchScreen.storyboard in Resources */,
				8B3C714529C550CB0042C64D /* Assets.xcassets in Resources */,
				8B3C715529C554390042C64D /* ListProductTableCell.xib in Resources */,
				8B3C714029C550C90042C64D /* Main.storyboard in Resources */,
			);
			runOnlyForDeploymentPostprocessing = 0;
		};
/* End PBXResourcesBuildPhase section */

/* Begin PBXSourcesBuildPhase section */
		8B3C713129C550C90042C64D /* Sources */ = {
			isa = PBXSourcesBuildPhase;
			buildActionMask = 2147483647;
			files = (
				8B3C713D29C550C90042C64D /* ViewController.swift in Sources */,
				8B3C713929C550C90042C64D /* AppDelegate.swift in Sources */,
				8B3C713B29C550C90042C64D /* SceneDelegate.swift in Sources */,
				8B3C714329C550C90042C64D /* iOS_Developer_Test_DianaFL_PT_EZV_Services_Indonesia.xcdatamodeld in Sources */,
				8B3C715B29C55F650042C64D /* NetworkAPIService.swift in Sources */,
				8B3C715429C554390042C64D /* ListProductTableCell.swift in Sources */,
				8B27049729C56A8200E980C1 /* ProductViewModel.swift in Sources */,
				8B3C715829C55E8E0042C64D /* Product.swift in Sources */,
			);
			runOnlyForDeploymentPostprocessing = 0;
		};
/* End PBXSourcesBuildPhase section */

/* Begin PBXVariantGroup section */
		8B3C713E29C550C90042C64D /* Main.storyboard */ = {
			isa = PBXVariantGroup;
			children = (
				8B3C713F29C550C90042C64D /* Base */,
			);
			name = Main.storyboard;
			sourceTree = "<group>";
		};
		8B3C714629C550CB0042C64D /* LaunchScreen.storyboard */ = {
			isa = PBXVariantGroup;
			children = (
				8B3C714729C550CB0042C64D /* Base */,
			);
			name = LaunchScreen.storyboard;
			sourceTree = "<group>";
		};
/* End PBXVariantGroup section */

/* Begin XCBuildConfiguration section */
		8B3C714A29C550CB0042C64D /* Debug */ = {
			isa = XCBuildConfiguration;
			buildSettings = {
				ALWAYS_SEARCH_USER_PATHS = NO;
				CLANG_ANALYZER_NONNULL = YES;
				CLANG_ANALYZER_NUMBER_OBJECT_CONVERSION = YES_AGGRESSIVE;
				CLANG_CXX_LANGUAGE_STANDARD = "gnu++20";
				CLANG_ENABLE_MODULES = YES;
				CLANG_ENABLE_OBJC_ARC = YES;
				CLANG_ENABLE_OBJC_WEAK = YES;
				CLANG_WARN_BLOCK_CAPTURE_AUTORELEASING = YES;
				CLANG_WARN_BOOL_CONVERSION = YES;
				CLANG_WARN_COMMA = YES;
				CLANG_WARN_CONSTANT_CONVERSION = YES;
				CLANG_WARN_DEPRECATED_OBJC_IMPLEMENTATIONS = YES;
				CLANG_WARN_DIRECT_OBJC_ISA_USAGE = YES_ERROR;
				CLANG_WARN_DOCUMENTATION_COMMENTS = YES;
				CLANG_WARN_EMPTY_BODY = YES;
				CLANG_WARN_ENUM_CONVERSION = YES;
				CLANG_WARN_INFINITE_RECURSION = YES;
				CLANG_WARN_INT_CONVERSION = YES;
				CLANG_WARN_NON_LITERAL_NULL_CONVERSION = YES;
				CLANG_WARN_OBJC_IMPLICIT_RETAIN_SELF = YES;
				CLANG_WARN_OBJC_LITERAL_CONVERSION = YES;
				CLANG_WARN_OBJC_ROOT_CLASS = YES_ERROR;
				CLANG_WARN_QUOTED_INCLUDE_IN_FRAMEWORK_HEADER = YES;
				CLANG_WARN_RANGE_LOOP_ANALYSIS = YES;
				CLANG_WARN_STRICT_PROTOTYPES = YES;
				CLANG_WARN_SUSPICIOUS_MOVE = YES;
				CLANG_WARN_UNGUARDED_AVAILABILITY = YES_AGGRESSIVE;
				CLANG_WARN_UNREACHABLE_CODE = YES;
				CLANG_WARN__DUPLICATE_METHOD_MATCH = YES;
				COPY_PHASE_STRIP = NO;
				DEBUG_INFORMATION_FORMAT = dwarf;
				ENABLE_STRICT_OBJC_MSGSEND = YES;
				ENABLE_TESTABILITY = YES;
				GCC_C_LANGUAGE_STANDARD = gnu11;
				GCC_DYNAMIC_NO_PIC = NO;
				GCC_NO_COMMON_BLOCKS = YES;
				GCC_OPTIMIZATION_LEVEL = 0;
				GCC_PREPROCESSOR_DEFINITIONS = (
					"DEBUG=1",
					"$(inherited)",
				);
				GCC_WARN_64_TO_32_BIT_CONVERSION = YES;
				GCC_WARN_ABOUT_RETURN_TYPE = YES_ERROR;
				GCC_WARN_UNDECLARED_SELECTOR = YES;
				GCC_WARN_UNINITIALIZED_AUTOS = YES_AGGRESSIVE;
				GCC_WARN_UNUSED_FUNCTION = YES;
				GCC_WARN_UNUSED_VARIABLE = YES;
				IPHONEOS_DEPLOYMENT_TARGET = 16.2;
				MTL_ENABLE_DEBUG_INFO = INCLUDE_SOURCE;
				MTL_FAST_MATH = YES;
				ONLY_ACTIVE_ARCH = YES;
				SDKROOT = iphoneos;
				SWIFT_ACTIVE_COMPILATION_CONDITIONS = DEBUG;
				SWIFT_OPTIMIZATION_LEVEL = "-Onone";
			};
			name = Debug;
		};
		8B3C714B29C550CB0042C64D /* Release */ = {
			isa = XCBuildConfiguration;
			buildSettings = {
				ALWAYS_SEARCH_USER_PATHS = NO;
				CLANG_ANALYZER_NONNULL = YES;
				CLANG_ANALYZER_NUMBER_OBJECT_CONVERSION = YES_AGGRESSIVE;
				CLANG_CXX_LANGUAGE_STANDARD = "gnu++20";
				CLANG_ENABLE_MODULES = YES;
				CLANG_ENABLE_OBJC_ARC = YES;
				CLANG_ENABLE_OBJC_WEAK = YES;
				CLANG_WARN_BLOCK_CAPTURE_AUTORELEASING = YES;
				CLANG_WARN_BOOL_CONVERSION = YES;
				CLANG_WARN_COMMA = YES;
				CLANG_WARN_CONSTANT_CONVERSION = YES;
				CLANG_WARN_DEPRECATED_OBJC_IMPLEMENTATIONS = YES;
				CLANG_WARN_DIRECT_OBJC_ISA_USAGE = YES_ERROR;
				CLANG_WARN_DOCUMENTATION_COMMENTS = YES;
				CLANG_WARN_EMPTY_BODY = YES;
				CLANG_WARN_ENUM_CONVERSION = YES;
				CLANG_WARN_INFINITE_RECURSION = YES;
				CLANG_WARN_INT_CONVERSION = YES;
				CLANG_WARN_NON_LITERAL_NULL_CONVERSION = YES;
				CLANG_WARN_OBJC_IMPLICIT_RETAIN_SELF = YES;
				CLANG_WARN_OBJC_LITERAL_CONVERSION = YES;
				CLANG_WARN_OBJC_ROOT_CLASS = YES_ERROR;
				CLANG_WARN_QUOTED_INCLUDE_IN_FRAMEWORK_HEADER = YES;
				CLANG_WARN_RANGE_LOOP_ANALYSIS = YES;
				CLANG_WARN_STRICT_PROTOTYPES = YES;
				CLANG_WARN_SUSPICIOUS_MOVE = YES;
				CLANG_WARN_UNGUARDED_AVAILABILITY = YES_AGGRESSIVE;
				CLANG_WARN_UNREACHABLE_CODE = YES;
				CLANG_WARN__DUPLICATE_METHOD_MATCH = YES;
				COPY_PHASE_STRIP = NO;
				DEBUG_INFORMATION_FORMAT = "dwarf-with-dsym";
				ENABLE_NS_ASSERTIONS = NO;
				ENABLE_STRICT_OBJC_MSGSEND = YES;
				GCC_C_LANGUAGE_STANDARD = gnu11;
				GCC_NO_COMMON_BLOCKS = YES;
				GCC_WARN_64_TO_32_BIT_CONVERSION = YES;
				GCC_WARN_ABOUT_RETURN_TYPE = YES_ERROR;
				GCC_WARN_UNDECLARED_SELECTOR = YES;
				GCC_WARN_UNINITIALIZED_AUTOS = YES_AGGRESSIVE;
				GCC_WARN_UNUSED_FUNCTION = YES;
				GCC_WARN_UNUSED_VARIABLE = YES;
				IPHONEOS_DEPLOYMENT_TARGET = 16.2;
				MTL_ENABLE_DEBUG_INFO = NO;
				MTL_FAST_MATH = YES;
				SDKROOT = iphoneos;
				SWIFT_COMPILATION_MODE = wholemodule;
				SWIFT_OPTIMIZATION_LEVEL = "-O";
				VALIDATE_PRODUCT = YES;
			};
			name = Release;
		};
		8B3C714D29C550CB0042C64D /* Debug */ = {
			isa = XCBuildConfiguration;
			buildSettings = {
				ASSETCATALOG_COMPILER_APPICON_NAME = AppIcon;
				ASSETCATALOG_COMPILER_GLOBAL_ACCENT_COLOR_NAME = AccentColor;
				CODE_SIGN_STYLE = Automatic;
				CURRENT_PROJECT_VERSION = 1;
				DEVELOPMENT_TEAM = 6H6PTB2XT8;
				GENERATE_INFOPLIST_FILE = YES;
				INFOPLIST_FILE = "iOS-Developer-Test-DianaFL-PT-EZV-Services-Indonesia/Info.plist";
				INFOPLIST_KEY_UIApplicationSupportsIndirectInputEvents = YES;
				INFOPLIST_KEY_UILaunchStoryboardName = LaunchScreen;
				INFOPLIST_KEY_UIMainStoryboardFile = Main;
				INFOPLIST_KEY_UISupportedInterfaceOrientations_iPad = "UIInterfaceOrientationPortrait UIInterfaceOrientationPortraitUpsideDown UIInterfaceOrientationLandscapeLeft UIInterfaceOrientationLandscapeRight";
				INFOPLIST_KEY_UISupportedInterfaceOrientations_iPhone = "UIInterfaceOrientationPortrait UIInterfaceOrientationLandscapeLeft UIInterfaceOrientationLandscapeRight";
				LD_RUNPATH_SEARCH_PATHS = (
					"$(inherited)",
					"@executable_path/Frameworks",
				);
				MARKETING_VERSION = 1.0;
				PRODUCT_BUNDLE_IDENTIFIER = "com.dianafebrinalt.iOS-Developer-Test-DianaFL-PT-EZV-Services-Indonesia";
				PRODUCT_NAME = "$(TARGET_NAME)";
				SWIFT_EMIT_LOC_STRINGS = YES;
				SWIFT_VERSION = 5.0;
				TARGETED_DEVICE_FAMILY = "1,2";
			};
			name = Debug;
		};
		8B3C714E29C550CB0042C64D /* Release */ = {
			isa = XCBuildConfiguration;
			buildSettings = {
				ASSETCATALOG_COMPILER_APPICON_NAME = AppIcon;
				ASSETCATALOG_COMPILER_GLOBAL_ACCENT_COLOR_NAME = AccentColor;
				CODE_SIGN_STYLE = Automatic;
				CURRENT_PROJECT_VERSION = 1;
				DEVELOPMENT_TEAM = 6H6PTB2XT8;
				GENERATE_INFOPLIST_FILE = YES;
				INFOPLIST_FILE = "iOS-Developer-Test-DianaFL-PT-EZV-Services-Indonesia/Info.plist";
				INFOPLIST_KEY_UIApplicationSupportsIndirectInputEvents = YES;
				INFOPLIST_KEY_UILaunchStoryboardName = LaunchScreen;
				INFOPLIST_KEY_UIMainStoryboardFile = Main;
				INFOPLIST_KEY_UISupportedInterfaceOrientations_iPad = "UIInterfaceOrientationPortrait UIInterfaceOrientationPortraitUpsideDown UIInterfaceOrientationLandscapeLeft UIInterfaceOrientationLandscapeRight";
				INFOPLIST_KEY_UISupportedInterfaceOrientations_iPhone = "UIInterfaceOrientationPortrait UIInterfaceOrientationLandscapeLeft UIInterfaceOrientationLandscapeRight";
				LD_RUNPATH_SEARCH_PATHS = (
					"$(inherited)",
					"@executable_path/Frameworks",
				);
				MARKETING_VERSION = 1.0;
				PRODUCT_BUNDLE_IDENTIFIER = "com.dianafebrinalt.iOS-Developer-Test-DianaFL-PT-EZV-Services-Indonesia";
				PRODUCT_NAME = "$(TARGET_NAME)";
				SWIFT_EMIT_LOC_STRINGS = YES;
				SWIFT_VERSION = 5.0;
				TARGETED_DEVICE_FAMILY = "1,2";
			};
			name = Release;
		};
/* End XCBuildConfiguration section */

/* Begin XCConfigurationList section */
		8B3C713029C550C90042C64D /* Build configuration list for PBXProject "iOS-Developer-Test-DianaFL-PT-EZV-Services-Indonesia" */ = {
			isa = XCConfigurationList;
			buildConfigurations = (
				8B3C714A29C550CB0042C64D /* Debug */,
				8B3C714B29C550CB0042C64D /* Release */,
			);
			defaultConfigurationIsVisible = 0;
			defaultConfigurationName = Release;
		};
		8B3C714C29C550CB0042C64D /* Build configuration list for PBXNativeTarget "iOS-Developer-Test-DianaFL-PT-EZV-Services-Indonesia" */ = {
			isa = XCConfigurationList;
			buildConfigurations = (
				8B3C714D29C550CB0042C64D /* Debug */,
				8B3C714E29C550CB0042C64D /* Release */,
			);
			defaultConfigurationIsVisible = 0;
			defaultConfigurationName = Release;
		};
/* End XCConfigurationList section */

/* Begin XCVersionGroup section */
		8B3C714129C550C90042C64D /* iOS_Developer_Test_DianaFL_PT_EZV_Services_Indonesia.xcdatamodeld */ = {
			isa = XCVersionGroup;
			children = (
				8B3C714229C550C90042C64D /* iOS_Developer_Test_DianaFL_PT_EZV_Services_Indonesia.xcdatamodel */,
			);
			currentVersion = 8B3C714229C550C90042C64D /* iOS_Developer_Test_DianaFL_PT_EZV_Services_Indonesia.xcdatamodel */;
			path = iOS_Developer_Test_DianaFL_PT_EZV_Services_Indonesia.xcdatamodeld;
			sourceTree = "<group>";
			versionGroupType = wrapper.xcdatamodel;
		};
/* End XCVersionGroup section */
	};
	rootObject = 8B3C712D29C550C90042C64D /* Project object */;
}
